
Microsoft Visual Studio Solution File, Format Version 12.00
# Visual Studio Version 16
VisualStudioVersion = 16.0.29424.173
MinimumVisualStudioVersion = 10.0.40219.1
Project("{FAE04EC0-301F-11D3-BF4B-00C04F79EFBC}") = "Restful.Api", "Restful.Api\Restful.Api.csproj", "{6FDBE4B7-364B-4A1A-9B6C-6B71C644553F}"
EndProject
Project("{FAE04EC0-301F-11D3-BF4B-00C04F79EFBC}") = "Restful.Core", "Restful.Core\Restful.Core.csproj", "{2CF1E75D-BD75-4071-A05E-D064023D3F32}"
EndProject
Project("{FAE04EC0-301F-11D3-BF4B-00C04F79EFBC}") = "Restful.Infrastructure", "Restful.Infrastructure\Restful.Infrastructure.csproj", "{39C74864-3B90-4D85-8365-603859EE9AE2}"
EndProject
Global
	GlobalSection(SolutionConfigurationPlatforms) = preSolution
		Debug|Any CPU = Debug|Any CPU
		Release|Any CPU = Release|Any CPU
	EndGlobalSection
	GlobalSection(ProjectConfigurationPlatforms) = postSolution
		{6FDBE4B7-364B-4A1A-9B6C-6B71C644553F}.Debug|Any CPU.ActiveCfg = Debug|Any CPU
		{6FDBE4B7-364B-4A1A-9B6C-6B71C644553F}.Debug|Any CPU.Build.0 = Debug|Any CPU
		{6FDBE4B7-364B-4A1A-9B6C-6B71C644553F}.Release|Any CPU.ActiveCfg = Release|Any CPU
		{6FDBE4B7-364B-4A1A-9B6C-6B71C644553F}.Release|Any CPU.Build.0 = Release|Any CPU
		{2CF1E75D-BD75-4071-A05E-D064023D3F32}.Debug|Any CPU.ActiveCfg = Debug|Any CPU
		{2CF1E75D-BD75-4071-A05E-D064023D3F32}.Debug|Any CPU.Build.0 = Debug|Any CPU
		{2CF1E75D-BD75-4071-A05E-D064023D3F32}.Release|Any CPU.ActiveCfg = Release|Any CPU
		{2CF1E75D-BD75-4071-A05E-D064023D3F32}.Release|Any CPU.Build.0 = Release|Any CPU
		{39C74864-3B90-4D85-8365-603859EE9AE2}.Debug|Any CPU.ActiveCfg = Debug|Any CPU
		{39C74864-3B90-4D85-8365-603859EE9AE2}.Debug|Any CPU.Build.0 = Debug|Any CPU
		{39C74864-3B90-4D85-8365-603859EE9AE2}.Release|Any CPU.ActiveCfg = Release|Any CPU
		{39C74864-3B90-4D85-8365-603859EE9AE2}.Release|Any CPU.Build.0 = Release|Any CPU
	EndGlobalSection
	GlobalSection(SolutionProperties) = preSolution
		HideSolutionNode = FALSE
	EndGlobalSection
	GlobalSection(ExtensibilityGlobals) = postSolution
		SolutionGuid = {E9465080-F735-4733-A71E-15E5347812AD}
	EndGlobalSection
EndGlobal
